
Microsoft Visual Studio Solution File, Format Version 12.00
# Visual Studio Version 16
VisualStudioVersion = 16.0.30114.105
MinimumVisualStudioVersion = 10.0.40219.1
Project("{FAE04EC0-301F-11D3-BF4B-00C04F79EFBC}") = "SimpleApi", "SimpleApi\SimpleApi.csproj", "{438E6C11-D752-4546-9328-7C7836B91594}"
EndProject
Project("{2150E333-8FDC-42A3-9474-1A3956D46DE8}") = "Test", "Test", "{D937D9A2-90DF-4965-BDB6-8C81982D6AE6}"
EndProject
Project("{FAE04EC0-301F-11D3-BF4B-00C04F79EFBC}") = "SimpleApi.Tests", "Test\SimpleApi.Tests\SimpleApi.Tests.csproj", "{EFA45B89-144D-4776-993B-AED31D3F5F5F}"
EndProject
Global
	GlobalSection(SolutionConfigurationPlatforms) = preSolution
		Debug|Any CPU = Debug|Any CPU
		Debug|x64 = Debug|x64
		Debug|x86 = Debug|x86
		Release|Any CPU = Release|Any CPU
		Release|x64 = Release|x64
		Release|x86 = Release|x86
	EndGlobalSection
	GlobalSection(SolutionProperties) = preSolution
		HideSolutionNode = FALSE
	EndGlobalSection
	GlobalSection(ProjectConfigurationPlatforms) = postSolution
		{438E6C11-D752-4546-9328-7C7836B91594}.Debug|Any CPU.ActiveCfg = Debug|Any CPU
		{438E6C11-D752-4546-9328-7C7836B91594}.Debug|Any CPU.Build.0 = Debug|Any CPU
		{438E6C11-D752-4546-9328-7C7836B91594}.Debug|x64.ActiveCfg = Debug|Any CPU
		{438E6C11-D752-4546-9328-7C7836B91594}.Debug|x64.Build.0 = Debug|Any CPU
		{438E6C11-D752-4546-9328-7C7836B91594}.Debug|x86.ActiveCfg = Debug|Any CPU
		{438E6C11-D752-4546-9328-7C7836B91594}.Debug|x86.Build.0 = Debug|Any CPU
		{438E6C11-D752-4546-9328-7C7836B91594}.Release|Any CPU.ActiveCfg = Release|Any CPU
		{438E6C11-D752-4546-9328-7C7836B91594}.Release|Any CPU.Build.0 = Release|Any CPU
		{438E6C11-D752-4546-9328-7C7836B91594}.Release|x64.ActiveCfg = Release|Any CPU
		{438E6C11-D752-4546-9328-7C7836B91594}.Release|x64.Build.0 = Release|Any CPU
		{438E6C11-D752-4546-9328-7C7836B91594}.Release|x86.ActiveCfg = Release|Any CPU
		{438E6C11-D752-4546-9328-7C7836B91594}.Release|x86.Build.0 = Release|Any CPU
		{EFA45B89-144D-4776-993B-AED31D3F5F5F}.Debug|Any CPU.ActiveCfg = Debug|Any CPU
		{EFA45B89-144D-4776-993B-AED31D3F5F5F}.Debug|Any CPU.Build.0 = Debug|Any CPU
		{EFA45B89-144D-4776-993B-AED31D3F5F5F}.Debug|x64.ActiveCfg = Debug|Any CPU
		{EFA45B89-144D-4776-993B-AED31D3F5F5F}.Debug|x64.Build.0 = Debug|Any CPU
		{EFA45B89-144D-4776-993B-AED31D3F5F5F}.Debug|x86.ActiveCfg = Debug|Any CPU
		{EFA45B89-144D-4776-993B-AED31D3F5F5F}.Debug|x86.Build.0 = Debug|Any CPU
		{EFA45B89-144D-4776-993B-AED31D3F5F5F}.Release|Any CPU.ActiveCfg = Release|Any CPU
		{EFA45B89-144D-4776-993B-AED31D3F5F5F}.Release|Any CPU.Build.0 = Release|Any CPU
		{EFA45B89-144D-4776-993B-AED31D3F5F5F}.Release|x64.ActiveCfg = Release|Any CPU
		{EFA45B89-144D-4776-993B-AED31D3F5F5F}.Release|x64.Build.0 = Release|Any CPU
		{EFA45B89-144D-4776-993B-AED31D3F5F5F}.Release|x86.ActiveCfg = Release|Any CPU
		{EFA45B89-144D-4776-993B-AED31D3F5F5F}.Release|x86.Build.0 = Release|Any CPU
	EndGlobalSection
	GlobalSection(NestedProjects) = preSolution
		{EFA45B89-144D-4776-993B-AED31D3F5F5F} = {D937D9A2-90DF-4965-BDB6-8C81982D6AE6}
	EndGlobalSection
EndGlobal
